// !$*UTF8*$!
{
	archiveVersion = 1;
	classes = {
	};
	objectVersion = 46;
	objects = {

/* Begin PBXBuildFile section */
		7A242F7A1E388B5A00FA7A5E /* SignInViewController.swift in Sources */ = {isa = PBXBuildFile; fileRef = 7A242F791E388B5A00FA7A5E /* SignInViewController.swift */; };
		7A242F7D1E3892DA00FA7A5E /* User.swift in Sources */ = {isa = PBXBuildFile; fileRef = 7A242F7C1E3892DA00FA7A5E /* User.swift */; };
		7A242F7F1E3899EC00FA7A5E /* AlertControllerBuilder.swift in Sources */ = {isa = PBXBuildFile; fileRef = 7A242F7E1E3899EC00FA7A5E /* AlertControllerBuilder.swift */; };
		7A242F891E38A26300FA7A5E /* BaseParlance.swift in Sources */ = {isa = PBXBuildFile; fileRef = 7A242F841E38A26300FA7A5E /* BaseParlance.swift */; };
		7A242F8A1E38A26300FA7A5E /* ParlanceCoordinatable.swift in Sources */ = {isa = PBXBuildFile; fileRef = 7A242F851E38A26300FA7A5E /* ParlanceCoordinatable.swift */; };
		7A242F8C1E38A26300FA7A5E /* PluralCategory.swift in Sources */ = {isa = PBXBuildFile; fileRef = 7A242F871E38A26300FA7A5E /* PluralCategory.swift */; };
		7A242F8D1E38A26300FA7A5E /* SpecificParlance.swift in Sources */ = {isa = PBXBuildFile; fileRef = 7A242F881E38A26300FA7A5E /* SpecificParlance.swift */; };
		7A242F911E38A3F900FA7A5E /* SignInParlance.swift in Sources */ = {isa = PBXBuildFile; fileRef = 7A242F901E38A3F900FA7A5E /* SignInParlance.swift */; };
		7A242F941E38A50200FA7A5E /* EnglishParlance.swift in Sources */ = {isa = PBXBuildFile; fileRef = 7A242F931E38A50200FA7A5E /* EnglishParlance.swift */; };
		7A242F961E38A51B00FA7A5E /* ParlanceCoordinator.swift in Sources */ = {isa = PBXBuildFile; fileRef = 7A242F951E38A51B00FA7A5E /* ParlanceCoordinator.swift */; };
		7A242F981E38AA5000FA7A5E /* WelcomeParlance.swift in Sources */ = {isa = PBXBuildFile; fileRef = 7A242F971E38AA5000FA7A5E /* WelcomeParlance.swift */; };
		7A242F9A1E38AC0C00FA7A5E /* ReusableUIParlance.swift in Sources */ = {isa = PBXBuildFile; fileRef = 7A242F991E38AC0C00FA7A5E /* ReusableUIParlance.swift */; };
		7A242F9C1E38ADBB00FA7A5E /* SpanishParlance.swift in Sources */ = {isa = PBXBuildFile; fileRef = 7A242F9B1E38ADBB00FA7A5E /* SpanishParlance.swift */; };
		7A69D0D21E388824008C9C61 /* AppDelegate.swift in Sources */ = {isa = PBXBuildFile; fileRef = 7A69D0D11E388824008C9C61 /* AppDelegate.swift */; };
		7A69D0D71E388825008C9C61 /* Main.storyboard in Resources */ = {isa = PBXBuildFile; fileRef = 7A69D0D51E388825008C9C61 /* Main.storyboard */; };
		7A69D0D91E388825008C9C61 /* Assets.xcassets in Resources */ = {isa = PBXBuildFile; fileRef = 7A69D0D81E388825008C9C61 /* Assets.xcassets */; };
		7A69D0DC1E388825008C9C61 /* LaunchScreen.storyboard in Resources */ = {isa = PBXBuildFile; fileRef = 7A69D0DA1E388825008C9C61 /* LaunchScreen.storyboard */; };
		7A69D0E51E388917008C9C61 /* WelcomeViewController.swift in Sources */ = {isa = PBXBuildFile; fileRef = 7A69D0E41E388917008C9C61 /* WelcomeViewController.swift */; };
		7A830D261E4C2F1800358A23 /* ParlanceCoordinatableTests.swift in Sources */ = {isa = PBXBuildFile; fileRef = 7A830D251E4C2F1800358A23 /* ParlanceCoordinatableTests.swift */; };
		7A830D281E4C477100358A23 /* BaseParlanceTests.swift in Sources */ = {isa = PBXBuildFile; fileRef = 7A830D271E4C477100358A23 /* BaseParlanceTests.swift */; };
		7A830D2A1E4C4E0C00358A23 /* SpecificParlanceTests.swift in Sources */ = {isa = PBXBuildFile; fileRef = 7A830D291E4C4E0C00358A23 /* SpecificParlanceTests.swift */; };
/* End PBXBuildFile section */

/* Begin PBXContainerItemProxy section */
		7A830D201E4C2EDD00358A23 /* PBXContainerItemProxy */ = {
			isa = PBXContainerItemProxy;
			containerPortal = 7A69D0C61E388824008C9C61 /* Project object */;
			proxyType = 1;
			remoteGlobalIDString = 7A69D0CD1E388824008C9C61;
			remoteInfo = Parlance;
		};
/* End PBXContainerItemProxy section */

/* Begin PBXFileReference section */
		7A242F791E388B5A00FA7A5E /* SignInViewController.swift */ = {isa = PBXFileReference; fileEncoding = 4; lastKnownFileType = sourcecode.swift; name = SignInViewController.swift; path = SignInModule/SignInViewController.swift; sourceTree = "<group>"; };
		7A242F7C1E3892DA00FA7A5E /* User.swift */ = {isa = PBXFileReference; fileEncoding = 4; lastKnownFileType = sourcecode.swift; path = User.swift; sourceTree = "<group>"; };
		7A242F7E1E3899EC00FA7A5E /* AlertControllerBuilder.swift */ = {isa = PBXFileReference; fileEncoding = 4; lastKnownFileType = sourcecode.swift; name = AlertControllerBuilder.swift; path = ReusableUI/AlertControllerBuilder.swift; sourceTree = "<group>"; };
		7A242F841E38A26300FA7A5E /* BaseParlance.swift */ = {isa = PBXFileReference; fileEncoding = 4; lastKnownFileType = sourcecode.swift; lineEnding = 0; name = BaseParlance.swift; path = Source/BaseParlance.swift; sourceTree = "<group>"; xcLanguageSpecificationIdentifier = xcode.lang.swift; };
		7A242F851E38A26300FA7A5E /* ParlanceCoordinatable.swift */ = {isa = PBXFileReference; fileEncoding = 4; lastKnownFileType = sourcecode.swift; name = ParlanceCoordinatable.swift; path = Source/ParlanceCoordinatable.swift; sourceTree = "<group>"; };
		7A242F871E38A26300FA7A5E /* PluralCategory.swift */ = {isa = PBXFileReference; fileEncoding = 4; lastKnownFileType = sourcecode.swift; name = PluralCategory.swift; path = Source/PluralCategory.swift; sourceTree = "<group>"; };
		7A242F881E38A26300FA7A5E /* SpecificParlance.swift */ = {isa = PBXFileReference; fileEncoding = 4; lastKnownFileType = sourcecode.swift; lineEnding = 0; name = SpecificParlance.swift; path = Source/SpecificParlance.swift; sourceTree = "<group>"; xcLanguageSpecificationIdentifier = xcode.lang.swift; };
		7A242F901E38A3F900FA7A5E /* SignInParlance.swift */ = {isa = PBXFileReference; fileEncoding = 4; lastKnownFileType = sourcecode.swift; lineEnding = 0; name = SignInParlance.swift; path = SignInModule/SignInParlance.swift; sourceTree = "<group>"; xcLanguageSpecificationIdentifier = xcode.lang.swift; };
		7A242F931E38A50200FA7A5E /* EnglishParlance.swift */ = {isa = PBXFileReference; fileEncoding = 4; lastKnownFileType = sourcecode.swift; lineEnding = 0; name = EnglishParlance.swift; path = Parlance/EnglishParlance.swift; sourceTree = "<group>"; xcLanguageSpecificationIdentifier = xcode.lang.swift; };
		7A242F951E38A51B00FA7A5E /* ParlanceCoordinator.swift */ = {isa = PBXFileReference; fileEncoding = 4; lastKnownFileType = sourcecode.swift; lineEnding = 0; name = ParlanceCoordinator.swift; path = Parlance/ParlanceCoordinator.swift; sourceTree = "<group>"; xcLanguageSpecificationIdentifier = xcode.lang.swift; };
		7A242F971E38AA5000FA7A5E /* WelcomeParlance.swift */ = {isa = PBXFileReference; fileEncoding = 4; lastKnownFileType = sourcecode.swift; lineEnding = 0; name = WelcomeParlance.swift; path = WelcomeModule/WelcomeParlance.swift; sourceTree = "<group>"; xcLanguageSpecificationIdentifier = xcode.lang.swift; };
		7A242F991E38AC0C00FA7A5E /* ReusableUIParlance.swift */ = {isa = PBXFileReference; fileEncoding = 4; lastKnownFileType = sourcecode.swift; lineEnding = 0; name = ReusableUIParlance.swift; path = ReusableUI/ReusableUIParlance.swift; sourceTree = "<group>"; xcLanguageSpecificationIdentifier = xcode.lang.swift; };
		7A242F9B1E38ADBB00FA7A5E /* SpanishParlance.swift */ = {isa = PBXFileReference; fileEncoding = 4; lastKnownFileType = sourcecode.swift; lineEnding = 0; name = SpanishParlance.swift; path = Parlance/SpanishParlance.swift; sourceTree = "<group>"; xcLanguageSpecificationIdentifier = xcode.lang.swift; };
		7A69D0CE1E388824008C9C61 /* Parlance.app */ = {isa = PBXFileReference; explicitFileType = wrapper.application; includeInIndex = 0; path = Parlance.app; sourceTree = BUILT_PRODUCTS_DIR; };
		7A69D0D11E388824008C9C61 /* AppDelegate.swift */ = {isa = PBXFileReference; lastKnownFileType = sourcecode.swift; path = AppDelegate.swift; sourceTree = "<group>"; };
		7A69D0D61E388825008C9C61 /* Base */ = {isa = PBXFileReference; lastKnownFileType = file.storyboard; name = Base; path = Base.lproj/Main.storyboard; sourceTree = "<group>"; };
		7A69D0D81E388825008C9C61 /* Assets.xcassets */ = {isa = PBXFileReference; lastKnownFileType = folder.assetcatalog; path = Assets.xcassets; sourceTree = "<group>"; };
		7A69D0DB1E388825008C9C61 /* Base */ = {isa = PBXFileReference; lastKnownFileType = file.storyboard; name = Base; path = Base.lproj/LaunchScreen.storyboard; sourceTree = "<group>"; };
		7A69D0DD1E388825008C9C61 /* Info.plist */ = {isa = PBXFileReference; lastKnownFileType = text.plist.xml; path = Info.plist; sourceTree = "<group>"; };
		7A69D0E41E388917008C9C61 /* WelcomeViewController.swift */ = {isa = PBXFileReference; fileEncoding = 4; lastKnownFileType = sourcecode.swift; name = WelcomeViewController.swift; path = WelcomeModule/WelcomeViewController.swift; sourceTree = "<group>"; };
		7A830D1B1E4C2EDD00358A23 /* ParlanceTests.xctest */ = {isa = PBXFileReference; explicitFileType = wrapper.cfbundle; includeInIndex = 0; path = ParlanceTests.xctest; sourceTree = BUILT_PRODUCTS_DIR; };
		7A830D1F1E4C2EDD00358A23 /* Info.plist */ = {isa = PBXFileReference; lastKnownFileType = text.plist.xml; path = Info.plist; sourceTree = "<group>"; };
		7A830D251E4C2F1800358A23 /* ParlanceCoordinatableTests.swift */ = {isa = PBXFileReference; fileEncoding = 4; lastKnownFileType = sourcecode.swift; path = ParlanceCoordinatableTests.swift; sourceTree = "<group>"; };
		7A830D271E4C477100358A23 /* BaseParlanceTests.swift */ = {isa = PBXFileReference; fileEncoding = 4; lastKnownFileType = sourcecode.swift; path = BaseParlanceTests.swift; sourceTree = "<group>"; };
		7A830D291E4C4E0C00358A23 /* SpecificParlanceTests.swift */ = {isa = PBXFileReference; fileEncoding = 4; lastKnownFileType = sourcecode.swift; path = SpecificParlanceTests.swift; sourceTree = "<group>"; };
/* End PBXFileReference section */

/* Begin PBXFrameworksBuildPhase section */
		7A69D0CB1E388824008C9C61 /* Frameworks */ = {
			isa = PBXFrameworksBuildPhase;
			buildActionMask = 2147483647;
			files = (
			);
			runOnlyForDeploymentPostprocessing = 0;
		};
		7A830D181E4C2EDD00358A23 /* Frameworks */ = {
			isa = PBXFrameworksBuildPhase;
			buildActionMask = 2147483647;
			files = (
			);
			runOnlyForDeploymentPostprocessing = 0;
		};
/* End PBXFrameworksBuildPhase section */

/* Begin PBXGroup section */
		7A242F781E388B4100FA7A5E /* WelcomeModule */ = {
			isa = PBXGroup;
			children = (
				7A69D0E41E388917008C9C61 /* WelcomeViewController.swift */,
				7A242F971E38AA5000FA7A5E /* WelcomeParlance.swift */,
			);
			name = WelcomeModule;
			sourceTree = "<group>";
		};
		7A242F7B1E388B6200FA7A5E /* SignInModule */ = {
			isa = PBXGroup;
			children = (
				7A242F791E388B5A00FA7A5E /* SignInViewController.swift */,
				7A242F901E38A3F900FA7A5E /* SignInParlance.swift */,
			);
			name = SignInModule;
			sourceTree = "<group>";
		};
		7A242F801E3899F300FA7A5E /* ReusableUI */ = {
			isa = PBXGroup;
			children = (
				7A242F7E1E3899EC00FA7A5E /* AlertControllerBuilder.swift */,
				7A242F991E38AC0C00FA7A5E /* ReusableUIParlance.swift */,
			);
			name = ReusableUI;
			sourceTree = "<group>";
		};
		7A242F811E38A1AA00FA7A5E /* Source */ = {
			isa = PBXGroup;
			children = (
				7A242F841E38A26300FA7A5E /* BaseParlance.swift */,
				7A242F851E38A26300FA7A5E /* ParlanceCoordinatable.swift */,
				7A242F871E38A26300FA7A5E /* PluralCategory.swift */,
				7A242F881E38A26300FA7A5E /* SpecificParlance.swift */,
			);
			name = Source;
			sourceTree = "<group>";
		};
		7A242F921E38A4E100FA7A5E /* Parlance */ = {
			isa = PBXGroup;
			children = (
				7A242F951E38A51B00FA7A5E /* ParlanceCoordinator.swift */,
				7A242F931E38A50200FA7A5E /* EnglishParlance.swift */,
				7A242F9B1E38ADBB00FA7A5E /* SpanishParlance.swift */,
			);
			name = Parlance;
			sourceTree = "<group>";
		};
		7A69D0C51E388824008C9C61 = {
			isa = PBXGroup;
			children = (
				7A69D0D01E388824008C9C61 /* Parlance */,
				7A830D1C1E4C2EDD00358A23 /* ParlanceTests */,
				7A69D0CF1E388824008C9C61 /* Products */,
			);
			sourceTree = "<group>";
		};
		7A69D0CF1E388824008C9C61 /* Products */ = {
			isa = PBXGroup;
			children = (
				7A69D0CE1E388824008C9C61 /* Parlance.app */,
				7A830D1B1E4C2EDD00358A23 /* ParlanceTests.xctest */,
			);
			name = Products;
			sourceTree = "<group>";
		};
		7A69D0D01E388824008C9C61 /* Parlance */ = {
			isa = PBXGroup;
			children = (
				7A69D0D51E388825008C9C61 /* Main.storyboard */,
				7A69D0D11E388824008C9C61 /* AppDelegate.swift */,
				7A242F921E38A4E100FA7A5E /* Parlance */,
				7A242F7C1E3892DA00FA7A5E /* User.swift */,
				7A242F801E3899F300FA7A5E /* ReusableUI */,
				7A242F7B1E388B6200FA7A5E /* SignInModule */,
				7A242F781E388B4100FA7A5E /* WelcomeModule */,
				7A242F811E38A1AA00FA7A5E /* Source */,
				7A69D0E31E388839008C9C61 /* Other */,
			);
			path = Parlance;
			sourceTree = "<group>";
		};
		7A69D0E31E388839008C9C61 /* Other */ = {
			isa = PBXGroup;
			children = (
				7A69D0D81E388825008C9C61 /* Assets.xcassets */,
				7A69D0DA1E388825008C9C61 /* LaunchScreen.storyboard */,
				7A69D0DD1E388825008C9C61 /* Info.plist */,
			);
			name = Other;
			sourceTree = "<group>";
		};
		7A830D1C1E4C2EDD00358A23 /* ParlanceTests */ = {
			isa = PBXGroup;
			children = (
				7A830D251E4C2F1800358A23 /* ParlanceCoordinatableTests.swift */,
				7A830D271E4C477100358A23 /* BaseParlanceTests.swift */,
				7A830D291E4C4E0C00358A23 /* SpecificParlanceTests.swift */,
				7A830D1F1E4C2EDD00358A23 /* Info.plist */,
			);
			path = ParlanceTests;
			sourceTree = "<group>";
		};
/* End PBXGroup section */

/* Begin PBXNativeTarget section */
		7A69D0CD1E388824008C9C61 /* Parlance */ = {
			isa = PBXNativeTarget;
			buildConfigurationList = 7A69D0E01E388825008C9C61 /* Build configuration list for PBXNativeTarget "Parlance" */;
			buildPhases = (
				7A69D0CA1E388824008C9C61 /* Sources */,
				7A69D0CB1E388824008C9C61 /* Frameworks */,
				7A69D0CC1E388824008C9C61 /* Resources */,
			);
			buildRules = (
			);
			dependencies = (
			);
			name = Parlance;
			productName = Parlance;
			productReference = 7A69D0CE1E388824008C9C61 /* Parlance.app */;
			productType = "com.apple.product-type.application";
		};
		7A830D1A1E4C2EDD00358A23 /* ParlanceTests */ = {
			isa = PBXNativeTarget;
			buildConfigurationList = 7A830D241E4C2EDD00358A23 /* Build configuration list for PBXNativeTarget "ParlanceTests" */;
			buildPhases = (
				7A830D171E4C2EDD00358A23 /* Sources */,
				7A830D181E4C2EDD00358A23 /* Frameworks */,
				7A830D191E4C2EDD00358A23 /* Resources */,
			);
			buildRules = (
			);
			dependencies = (
				7A830D211E4C2EDD00358A23 /* PBXTargetDependency */,
			);
			name = ParlanceTests;
			productName = ParlanceTests;
			productReference = 7A830D1B1E4C2EDD00358A23 /* ParlanceTests.xctest */;
			productType = "com.apple.product-type.bundle.unit-test";
		};
/* End PBXNativeTarget section */

/* Begin PBXProject section */
		7A69D0C61E388824008C9C61 /* Project object */ = {
			isa = PBXProject;
			attributes = {
				LastSwiftUpdateCheck = 0820;
				LastUpgradeCheck = 0820;
				ORGANIZATIONNAME = "Brian Radebaugh";
				TargetAttributes = {
					7A69D0CD1E388824008C9C61 = {
						CreatedOnToolsVersion = 8.2.1;
						DevelopmentTeam = XQJAY5KMS4;
						ProvisioningStyle = Automatic;
					};
					7A830D1A1E4C2EDD00358A23 = {
						CreatedOnToolsVersion = 8.2.1;
						DevelopmentTeam = XQJAY5KMS4;
						ProvisioningStyle = Automatic;
						TestTargetID = 7A69D0CD1E388824008C9C61;
					};
				};
			};
			buildConfigurationList = 7A69D0C91E388824008C9C61 /* Build configuration list for PBXProject "Parlance" */;
			compatibilityVersion = "Xcode 3.2";
			developmentRegion = English;
			hasScannedForEncodings = 0;
			knownRegions = (
				en,
				Base,
			);
			mainGroup = 7A69D0C51E388824008C9C61;
			productRefGroup = 7A69D0CF1E388824008C9C61 /* Products */;
			projectDirPath = "";
			projectRoot = "";
			targets = (
				7A69D0CD1E388824008C9C61 /* Parlance */,
				7A830D1A1E4C2EDD00358A23 /* ParlanceTests */,
			);
		};
/* End PBXProject section */

/* Begin PBXResourcesBuildPhase section */
		7A69D0CC1E388824008C9C61 /* Resources */ = {
			isa = PBXResourcesBuildPhase;
			buildActionMask = 2147483647;
			files = (
				7A69D0DC1E388825008C9C61 /* LaunchScreen.storyboard in Resources */,
				7A69D0D91E388825008C9C61 /* Assets.xcassets in Resources */,
				7A69D0D71E388825008C9C61 /* Main.storyboard in Resources */,
			);
			runOnlyForDeploymentPostprocessing = 0;
		};
		7A830D191E4C2EDD00358A23 /* Resources */ = {
			isa = PBXResourcesBuildPhase;
			buildActionMask = 2147483647;
			files = (
			);
			runOnlyForDeploymentPostprocessing = 0;
		};
/* End PBXResourcesBuildPhase section */

/* Begin PBXSourcesBuildPhase section */
		7A69D0CA1E388824008C9C61 /* Sources */ = {
			isa = PBXSourcesBuildPhase;
			buildActionMask = 2147483647;
			files = (
				7A242F891E38A26300FA7A5E /* BaseParlance.swift in Sources */,
				7A242F7D1E3892DA00FA7A5E /* User.swift in Sources */,
				7A242F961E38A51B00FA7A5E /* ParlanceCoordinator.swift in Sources */,
				7A69D0D21E388824008C9C61 /* AppDelegate.swift in Sources */,
				7A242F8D1E38A26300FA7A5E /* SpecificParlance.swift in Sources */,
				7A69D0E51E388917008C9C61 /* WelcomeViewController.swift in Sources */,
				7A242F941E38A50200FA7A5E /* EnglishParlance.swift in Sources */,
				7A242F9A1E38AC0C00FA7A5E /* ReusableUIParlance.swift in Sources */,
				7A242F7F1E3899EC00FA7A5E /* AlertControllerBuilder.swift in Sources */,
				7A242F981E38AA5000FA7A5E /* WelcomeParlance.swift in Sources */,
				7A242F8C1E38A26300FA7A5E /* PluralCategory.swift in Sources */,
				7A242F8A1E38A26300FA7A5E /* ParlanceCoordinatable.swift in Sources */,
				7A242F9C1E38ADBB00FA7A5E /* SpanishParlance.swift in Sources */,
				7A242F911E38A3F900FA7A5E /* SignInParlance.swift in Sources */,
				7A242F7A1E388B5A00FA7A5E /* SignInViewController.swift in Sources */,
			);
			runOnlyForDeploymentPostprocessing = 0;
		};
		7A830D171E4C2EDD00358A23 /* Sources */ = {
			isa = PBXSourcesBuildPhase;
			buildActionMask = 2147483647;
			files = (
				7A830D281E4C477100358A23 /* BaseParlanceTests.swift in Sources */,
				7A830D2A1E4C4E0C00358A23 /* SpecificParlanceTests.swift in Sources */,
				7A830D261E4C2F1800358A23 /* ParlanceCoordinatableTests.swift in Sources */,
			);
			runOnlyForDeploymentPostprocessing = 0;
		};
/* End PBXSourcesBuildPhase section */

/* Begin PBXTargetDependency section */
		7A830D211E4C2EDD00358A23 /* PBXTargetDependency */ = {
			isa = PBXTargetDependency;
			target = 7A69D0CD1E388824008C9C61 /* Parlance */;
			targetProxy = 7A830D201E4C2EDD00358A23 /* PBXContainerItemProxy */;
		};
/* End PBXTargetDependency section */

/* Begin PBXVariantGroup section */
		7A69D0D51E388825008C9C61 /* Main.storyboard */ = {
			isa = PBXVariantGroup;
			children = (
				7A69D0D61E388825008C9C61 /* Base */,
			);
			name = Main.storyboard;
			sourceTree = "<group>";
		};
		7A69D0DA1E388825008C9C61 /* LaunchScreen.storyboard */ = {
			isa = PBXVariantGroup;
			children = (
				7A69D0DB1E388825008C9C61 /* Base */,
			);
			name = LaunchScreen.storyboard;
			sourceTree = "<group>";
		};
/* End PBXVariantGroup section */

/* Begin XCBuildConfiguration section */
		7A69D0DE1E388825008C9C61 /* Debug */ = {
			isa = XCBuildConfiguration;
			buildSettings = {
				ALWAYS_SEARCH_USER_PATHS = NO;
				CLANG_ANALYZER_NONNULL = YES;
				CLANG_CXX_LANGUAGE_STANDARD = "gnu++0x";
				CLANG_CXX_LIBRARY = "libc++";
				CLANG_ENABLE_MODULES = YES;
				CLANG_ENABLE_OBJC_ARC = YES;
				CLANG_WARN_BOOL_CONVERSION = YES;
				CLANG_WARN_CONSTANT_CONVERSION = YES;
				CLANG_WARN_DIRECT_OBJC_ISA_USAGE = YES_ERROR;
				CLANG_WARN_DOCUMENTATION_COMMENTS = YES;
				CLANG_WARN_EMPTY_BODY = YES;
				CLANG_WARN_ENUM_CONVERSION = YES;
				CLANG_WARN_INFINITE_RECURSION = YES;
				CLANG_WARN_INT_CONVERSION = YES;
				CLANG_WARN_OBJC_ROOT_CLASS = YES_ERROR;
				CLANG_WARN_SUSPICIOUS_MOVE = YES;
				CLANG_WARN_UNREACHABLE_CODE = YES;
				CLANG_WARN__DUPLICATE_METHOD_MATCH = YES;
				"CODE_SIGN_IDENTITY[sdk=iphoneos*]" = "iPhone Developer";
				COPY_PHASE_STRIP = NO;
				DEBUG_INFORMATION_FORMAT = dwarf;
				ENABLE_STRICT_OBJC_MSGSEND = YES;
				ENABLE_TESTABILITY = YES;
				GCC_C_LANGUAGE_STANDARD = gnu99;
				GCC_DYNAMIC_NO_PIC = NO;
				GCC_NO_COMMON_BLOCKS = YES;
				GCC_OPTIMIZATION_LEVEL = 0;
				GCC_PREPROCESSOR_DEFINITIONS = (
					"DEBUG=1",
					"$(inherited)",
				);
				GCC_WARN_64_TO_32_BIT_CONVERSION = YES;
				GCC_WARN_ABOUT_RETURN_TYPE = YES_ERROR;
				GCC_WARN_UNDECLARED_SELECTOR = YES;
				GCC_WARN_UNINITIALIZED_AUTOS = YES_AGGRESSIVE;
				GCC_WARN_UNUSED_FUNCTION = YES;
				GCC_WARN_UNUSED_VARIABLE = YES;
				IPHONEOS_DEPLOYMENT_TARGET = 10.2;
				MTL_ENABLE_DEBUG_INFO = YES;
				ONLY_ACTIVE_ARCH = YES;
				SDKROOT = iphoneos;
				SWIFT_ACTIVE_COMPILATION_CONDITIONS = DEBUG;
				SWIFT_OPTIMIZATION_LEVEL = "-Onone";
				TARGETED_DEVICE_FAMILY = "1,2";
			};
			name = Debug;
		};
		7A69D0DF1E388825008C9C61 /* Release */ = {
			isa = XCBuildConfiguration;
			buildSettings = {
				ALWAYS_SEARCH_USER_PATHS = NO;
				CLANG_ANALYZER_NONNULL = YES;
				CLANG_CXX_LANGUAGE_STANDARD = "gnu++0x";
				CLANG_CXX_LIBRARY = "libc++";
				CLANG_ENABLE_MODULES = YES;
				CLANG_ENABLE_OBJC_ARC = YES;
				CLANG_WARN_BOOL_CONVERSION = YES;
				CLANG_WARN_CONSTANT_CONVERSION = YES;
				CLANG_WARN_DIRECT_OBJC_ISA_USAGE = YES_ERROR;
				CLANG_WARN_DOCUMENTATION_COMMENTS = YES;
				CLANG_WARN_EMPTY_BODY = YES;
				CLANG_WARN_ENUM_CONVERSION = YES;
				CLANG_WARN_INFINITE_RECURSION = YES;
				CLANG_WARN_INT_CONVERSION = YES;
				CLANG_WARN_OBJC_ROOT_CLASS = YES_ERROR;
				CLANG_WARN_SUSPICIOUS_MOVE = YES;
				CLANG_WARN_UNREACHABLE_CODE = YES;
				CLANG_WARN__DUPLICATE_METHOD_MATCH = YES;
				"CODE_SIGN_IDENTITY[sdk=iphoneos*]" = "iPhone Developer";
				COPY_PHASE_STRIP = NO;
				DEBUG_INFORMATION_FORMAT = "dwarf-with-dsym";
				ENABLE_NS_ASSERTIONS = NO;
				ENABLE_STRICT_OBJC_MSGSEND = YES;
				GCC_C_LANGUAGE_STANDARD = gnu99;
				GCC_NO_COMMON_BLOCKS = YES;
				GCC_WARN_64_TO_32_BIT_CONVERSION = YES;
				GCC_WARN_ABOUT_RETURN_TYPE = YES_ERROR;
				GCC_WARN_UNDECLARED_SELECTOR = YES;
				GCC_WARN_UNINITIALIZED_AUTOS = YES_AGGRESSIVE;
				GCC_WARN_UNUSED_FUNCTION = YES;
				GCC_WARN_UNUSED_VARIABLE = YES;
				IPHONEOS_DEPLOYMENT_TARGET = 10.2;
				MTL_ENABLE_DEBUG_INFO = NO;
				SDKROOT = iphoneos;
				SWIFT_OPTIMIZATION_LEVEL = "-Owholemodule";
				TARGETED_DEVICE_FAMILY = "1,2";
				VALIDATE_PRODUCT = YES;
			};
			name = Release;
		};
		7A69D0E11E388825008C9C61 /* Debug */ = {
			isa = XCBuildConfiguration;
			buildSettings = {
				ASSETCATALOG_COMPILER_APPICON_NAME = AppIcon;
				DEVELOPMENT_TEAM = XQJAY5KMS4;
				INFOPLIST_FILE = Parlance/Info.plist;
				LD_RUNPATH_SEARCH_PATHS = "$(inherited) @executable_path/Frameworks";
				PRODUCT_BUNDLE_IDENTIFIER = RIV.Parlance;
				PRODUCT_NAME = "$(TARGET_NAME)";
				SWIFT_VERSION = 3.0;
			};
			name = Debug;
		};
		7A69D0E21E388825008C9C61 /* Release */ = {
			isa = XCBuildConfiguration;
			buildSettings = {
				ASSETCATALOG_COMPILER_APPICON_NAME = AppIcon;
				DEVELOPMENT_TEAM = XQJAY5KMS4;
				INFOPLIST_FILE = Parlance/Info.plist;
				LD_RUNPATH_SEARCH_PATHS = "$(inherited) @executable_path/Frameworks";
				PRODUCT_BUNDLE_IDENTIFIER = RIV.Parlance;
				PRODUCT_NAME = "$(TARGET_NAME)";
				SWIFT_VERSION = 3.0;
			};
			name = Release;
		};
		7A830D221E4C2EDD00358A23 /* Debug */ = {
			isa = XCBuildConfiguration;
			buildSettings = {
				BUNDLE_LOADER = "$(TEST_HOST)";
				DEVELOPMENT_TEAM = XQJAY5KMS4;
				INFOPLIST_FILE = ParlanceTests/Info.plist;
				LD_RUNPATH_SEARCH_PATHS = "$(inherited) @executable_path/Frameworks @loader_path/Frameworks";
				PRODUCT_BUNDLE_IDENTIFIER = RIV.ParlanceTests;
				PRODUCT_NAME = "$(TARGET_NAME)";
				SWIFT_VERSION = 3.0;
				TEST_HOST = "$(BUILT_PRODUCTS_DIR)/Parlance.app/Parlance";
			};
			name = Debug;
		};
		7A830D231E4C2EDD00358A23 /* Release */ = {
			isa = XCBuildConfiguration;
			buildSettings = {
				BUNDLE_LOADER = "$(TEST_HOST)";
				DEVELOPMENT_TEAM = XQJAY5KMS4;
				INFOPLIST_FILE = ParlanceTests/Info.plist;
				LD_RUNPATH_SEARCH_PATHS = "$(inherited) @executable_path/Frameworks @loader_path/Frameworks";
				PRODUCT_BUNDLE_IDENTIFIER = RIV.ParlanceTests;
				PRODUCT_NAME = "$(TARGET_NAME)";
				SWIFT_VERSION = 3.0;
				TEST_HOST = "$(BUILT_PRODUCTS_DIR)/Parlance.app/Parlance";
			};
			name = Release;
		};
/* End XCBuildConfiguration section */

/* Begin XCConfigurationList section */
		7A69D0C91E388824008C9C61 /* Build configuration list for PBXProject "Parlance" */ = {
			isa = XCConfigurationList;
			buildConfigurations = (
				7A69D0DE1E388825008C9C61 /* Debug */,
				7A69D0DF1E388825008C9C61 /* Release */,
			);
			defaultConfigurationIsVisible = 0;
			defaultConfigurationName = Release;
		};
		7A69D0E01E388825008C9C61 /* Build configuration list for PBXNativeTarget "Parlance" */ = {
			isa = XCConfigurationList;
			buildConfigurations = (
				7A69D0E11E388825008C9C61 /* Debug */,
				7A69D0E21E388825008C9C61 /* Release */,
			);
			defaultConfigurationIsVisible = 0;
			defaultConfigurationName = Release;
		};
		7A830D241E4C2EDD00358A23 /* Build configuration list for PBXNativeTarget "ParlanceTests" */ = {
			isa = XCConfigurationList;
			buildConfigurations = (
				7A830D221E4C2EDD00358A23 /* Debug */,
				7A830D231E4C2EDD00358A23 /* Release */,
			);
			defaultConfigurationIsVisible = 0;
			defaultConfigurationName = Release;
		};
/* End XCConfigurationList section */
	};
	rootObject = 7A69D0C61E388824008C9C61 /* Project object */;
}
